// !$*UTF8*$!
{
	archiveVersion = 1;
	classes = {
	};
	objectVersion = 48;
	objects = {

/* Begin PBXBuildFile section */
		01AB15EC1FB146F8007C2356 /* AppDelegate.swift in Sources */ = {isa = PBXBuildFile; fileRef = 01AB15EB1FB146F8007C2356 /* AppDelegate.swift */; };
		01AB15EE1FB146F8007C2356 /* ViewController.swift in Sources */ = {isa = PBXBuildFile; fileRef = 01AB15ED1FB146F8007C2356 /* ViewController.swift */; };
		01AB15F11FB146F8007C2356 /* Main.storyboard in Resources */ = {isa = PBXBuildFile; fileRef = 01AB15EF1FB146F8007C2356 /* Main.storyboard */; };
		01AB15F31FB146F8007C2356 /* Assets.xcassets in Resources */ = {isa = PBXBuildFile; fileRef = 01AB15F21FB146F8007C2356 /* Assets.xcassets */; };
		01AB15F61FB146F8007C2356 /* LaunchScreen.storyboard in Resources */ = {isa = PBXBuildFile; fileRef = 01AB15F41FB146F8007C2356 /* LaunchScreen.storyboard */; };
		01AB16011FB146F8007C2356 /* TipCalculatorTests.swift in Sources */ = {isa = PBXBuildFile; fileRef = 01AB16001FB146F8007C2356 /* TipCalculatorTests.swift */; };
		01AB160C1FB146F8007C2356 /* TipCalculatorUITests.swift in Sources */ = {isa = PBXBuildFile; fileRef = 01AB160B1FB146F8007C2356 /* TipCalculatorUITests.swift */; };
/* End PBXBuildFile section */

/* Begin PBXContainerItemProxy section */
		01AB15FD1FB146F8007C2356 /* PBXContainerItemProxy */ = {
			isa = PBXContainerItemProxy;
			containerPortal = 01AB15E01FB146F8007C2356 /* Project object */;
			proxyType = 1;
			remoteGlobalIDString = 01AB15E71FB146F8007C2356;
			remoteInfo = TipCalculator;
		};
		01AB16081FB146F8007C2356 /* PBXContainerItemProxy */ = {
			isa = PBXContainerItemProxy;
			containerPortal = 01AB15E01FB146F8007C2356 /* Project object */;
			proxyType = 1;
			remoteGlobalIDString = 01AB15E71FB146F8007C2356;
			remoteInfo = TipCalculator;
		};
/* End PBXContainerItemProxy section */

/* Begin PBXFileReference section */
		01AB15E81FB146F8007C2356 /* TipCalculator.app */ = {isa = PBXFileReference; explicitFileType = wrapper.application; includeInIndex = 0; path = TipCalculator.app; sourceTree = BUILT_PRODUCTS_DIR; };
		01AB15EB1FB146F8007C2356 /* AppDelegate.swift */ = {isa = PBXFileReference; lastKnownFileType = sourcecode.swift; path = AppDelegate.swift; sourceTree = "<group>"; };
		01AB15ED1FB146F8007C2356 /* ViewController.swift */ = {isa = PBXFileReference; lastKnownFileType = sourcecode.swift; path = ViewController.swift; sourceTree = "<group>"; };
		01AB15F01FB146F8007C2356 /* Base */ = {isa = PBXFileReference; lastKnownFileType = file.storyboard; name = Base; path = Base.lproj/Main.storyboard; sourceTree = "<group>"; };
		01AB15F21FB146F8007C2356 /* Assets.xcassets */ = {isa = PBXFileReference; lastKnownFileType = folder.assetcatalog; path = Assets.xcassets; sourceTree = "<group>"; };
		01AB15F51FB146F8007C2356 /* Base */ = {isa = PBXFileReference; lastKnownFileType = file.storyboard; name = Base; path = Base.lproj/LaunchScreen.storyboard; sourceTree = "<group>"; };
		01AB15F71FB146F8007C2356 /* Info.plist */ = {isa = PBXFileReference; lastKnownFileType = text.plist.xml; path = Info.plist; sourceTree = "<group>"; };
		01AB15FC1FB146F8007C2356 /* TipCalculatorTests.xctest */ = {isa = PBXFileReference; explicitFileType = wrapper.cfbundle; includeInIndex = 0; path = TipCalculatorTests.xctest; sourceTree = BUILT_PRODUCTS_DIR; };
		01AB16001FB146F8007C2356 /* TipCalculatorTests.swift */ = {isa = PBXFileReference; lastKnownFileType = sourcecode.swift; path = TipCalculatorTests.swift; sourceTree = "<group>"; };
		01AB16021FB146F8007C2356 /* Info.plist */ = {isa = PBXFileReference; lastKnownFileType = text.plist.xml; path = Info.plist; sourceTree = "<group>"; };
		01AB16071FB146F8007C2356 /* TipCalculatorUITests.xctest */ = {isa = PBXFileReference; explicitFileType = wrapper.cfbundle; includeInIndex = 0; path = TipCalculatorUITests.xctest; sourceTree = BUILT_PRODUCTS_DIR; };
		01AB160B1FB146F8007C2356 /* TipCalculatorUITests.swift */ = {isa = PBXFileReference; lastKnownFileType = sourcecode.swift; path = TipCalculatorUITests.swift; sourceTree = "<group>"; };
		01AB160D1FB146F8007C2356 /* Info.plist */ = {isa = PBXFileReference; lastKnownFileType = text.plist.xml; path = Info.plist; sourceTree = "<group>"; };
/* End PBXFileReference section */

/* Begin PBXFrameworksBuildPhase section */
		01AB15E51FB146F8007C2356 /* Frameworks */ = {
			isa = PBXFrameworksBuildPhase;
			buildActionMask = 2147483647;
			files = (
			);
			runOnlyForDeploymentPostprocessing = 0;
		};
		01AB15F91FB146F8007C2356 /* Frameworks */ = {
			isa = PBXFrameworksBuildPhase;
			buildActionMask = 2147483647;
			files = (
			);
			runOnlyForDeploymentPostprocessing = 0;
		};
		01AB16041FB146F8007C2356 /* Frameworks */ = {
			isa = PBXFrameworksBuildPhase;
			buildActionMask = 2147483647;
			files = (
			);
			runOnlyForDeploymentPostprocessing = 0;
		};
/* End PBXFrameworksBuildPhase section */

/* Begin PBXGroup section */
		01AB15DF1FB146F8007C2356 = {
			isa = PBXGroup;
			children = (
				01AB15EA1FB146F8007C2356 /* TipCalculator */,
				01AB15FF1FB146F8007C2356 /* TipCalculatorTests */,
				01AB160A1FB146F8007C2356 /* TipCalculatorUITests */,
				01AB15E91FB146F8007C2356 /* Products */,
			);
			sourceTree = "<group>";
		};
		01AB15E91FB146F8007C2356 /* Products */ = {
			isa = PBXGroup;
			children = (
				01AB15E81FB146F8007C2356 /* TipCalculator.app */,
				01AB15FC1FB146F8007C2356 /* TipCalculatorTests.xctest */,
				01AB16071FB146F8007C2356 /* TipCalculatorUITests.xctest */,
			);
			name = Products;
			sourceTree = "<group>";
		};
		01AB15EA1FB146F8007C2356 /* TipCalculator */ = {
			isa = PBXGroup;
			children = (
				01AB15EB1FB146F8007C2356 /* AppDelegate.swift */,
				01AB15ED1FB146F8007C2356 /* ViewController.swift */,
				01AB15EF1FB146F8007C2356 /* Main.storyboard */,
				01AB15F21FB146F8007C2356 /* Assets.xcassets */,
				01AB15F41FB146F8007C2356 /* LaunchScreen.storyboard */,
				01AB15F71FB146F8007C2356 /* Info.plist */,
			);
			path = TipCalculator;
			sourceTree = "<group>";
		};
		01AB15FF1FB146F8007C2356 /* TipCalculatorTests */ = {
			isa = PBXGroup;
			children = (
				01AB16001FB146F8007C2356 /* TipCalculatorTests.swift */,
				01AB16021FB146F8007C2356 /* Info.plist */,
			);
			path = TipCalculatorTests;
			sourceTree = "<group>";
		};
		01AB160A1FB146F8007C2356 /* TipCalculatorUITests */ = {
			isa = PBXGroup;
			children = (
				01AB160B1FB146F8007C2356 /* TipCalculatorUITests.swift */,
				01AB160D1FB146F8007C2356 /* Info.plist */,
			);
			path = TipCalculatorUITests;
			sourceTree = "<group>";
		};
/* End PBXGroup section */

/* Begin PBXNativeTarget section */
		01AB15E71FB146F8007C2356 /* TipCalculator */ = {
			isa = PBXNativeTarget;
			buildConfigurationList = 01AB16101FB146F8007C2356 /* Build configuration list for PBXNativeTarget "TipCalculator" */;
			buildPhases = (
				01AB15E41FB146F8007C2356 /* Sources */,
				01AB15E51FB146F8007C2356 /* Frameworks */,
				01AB15E61FB146F8007C2356 /* Resources */,
			);
			buildRules = (
			);
			dependencies = (
			);
			name = TipCalculator;
			productName = TipCalculator;
			productReference = 01AB15E81FB146F8007C2356 /* TipCalculator.app */;
			productType = "com.apple.product-type.application";
		};
		01AB15FB1FB146F8007C2356 /* TipCalculatorTests */ = {
			isa = PBXNativeTarget;
			buildConfigurationList = 01AB16131FB146F8007C2356 /* Build configuration list for PBXNativeTarget "TipCalculatorTests" */;
			buildPhases = (
				01AB15F81FB146F8007C2356 /* Sources */,
				01AB15F91FB146F8007C2356 /* Frameworks */,
				01AB15FA1FB146F8007C2356 /* Resources */,
			);
			buildRules = (
			);
			dependencies = (
				01AB15FE1FB146F8007C2356 /* PBXTargetDependency */,
			);
			name = TipCalculatorTests;
			productName = TipCalculatorTests;
			productReference = 01AB15FC1FB146F8007C2356 /* TipCalculatorTests.xctest */;
			productType = "com.apple.product-type.bundle.unit-test";
		};
		01AB16061FB146F8007C2356 /* TipCalculatorUITests */ = {
			isa = PBXNativeTarget;
			buildConfigurationList = 01AB16161FB146F8007C2356 /* Build configuration list for PBXNativeTarget "TipCalculatorUITests" */;
			buildPhases = (
				01AB16031FB146F8007C2356 /* Sources */,
				01AB16041FB146F8007C2356 /* Frameworks */,
				01AB16051FB146F8007C2356 /* Resources */,
			);
			buildRules = (
			);
			dependencies = (
				01AB16091FB146F8007C2356 /* PBXTargetDependency */,
			);
			name = TipCalculatorUITests;
			productName = TipCalculatorUITests;
			productReference = 01AB16071FB146F8007C2356 /* TipCalculatorUITests.xctest */;
			productType = "com.apple.product-type.bundle.ui-testing";
		};
/* End PBXNativeTarget section */

/* Begin PBXProject section */
		01AB15E01FB146F8007C2356 /* Project object */ = {
			isa = PBXProject;
			attributes = {
				LastSwiftUpdateCheck = 0900;
				LastUpgradeCheck = 0900;
				ORGANIZATIONNAME = "Karen Angela Uy";
				TargetAttributes = {
					01AB15E71FB146F8007C2356 = {
						CreatedOnToolsVersion = 9.0.1;
						ProvisioningStyle = Manual;
					};
					01AB15FB1FB146F8007C2356 = {
						CreatedOnToolsVersion = 9.0.1;
						ProvisioningStyle = Automatic;
						TestTargetID = 01AB15E71FB146F8007C2356;
					};
					01AB16061FB146F8007C2356 = {
						CreatedOnToolsVersion = 9.0.1;
						ProvisioningStyle = Automatic;
						TestTargetID = 01AB15E71FB146F8007C2356;
					};
				};
			};
			buildConfigurationList = 01AB15E31FB146F8007C2356 /* Build configuration list for PBXProject "TipCalculator" */;
			compatibilityVersion = "Xcode 8.0";
			developmentRegion = en;
			hasScannedForEncodings = 0;
			knownRegions = (
				en,
				Base,
			);
			mainGroup = 01AB15DF1FB146F8007C2356;
			productRefGroup = 01AB15E91FB146F8007C2356 /* Products */;
			projectDirPath = "";
			projectRoot = "";
			targets = (
				01AB15E71FB146F8007C2356 /* TipCalculator */,
				01AB15FB1FB146F8007C2356 /* TipCalculatorTests */,
				01AB16061FB146F8007C2356 /* TipCalculatorUITests */,
			);
		};
/* End PBXProject section */

/* Begin PBXResourcesBuildPhase section */
		01AB15E61FB146F8007C2356 /* Resources */ = {
			isa = PBXResourcesBuildPhase;
			buildActionMask = 2147483647;
			files = (
				01AB15F61FB146F8007C2356 /* LaunchScreen.storyboard in Resources */,
				01AB15F31FB146F8007C2356 /* Assets.xcassets in Resources */,
				01AB15F11FB146F8007C2356 /* Main.storyboard in Resources */,
			);
			runOnlyForDeploymentPostprocessing = 0;
		};
		01AB15FA1FB146F8007C2356 /* Resources */ = {
			isa = PBXResourcesBuildPhase;
			buildActionMask = 2147483647;
			files = (
			);
			runOnlyForDeploymentPostprocessing = 0;
		};
		01AB16051FB146F8007C2356 /* Resources */ = {
			isa = PBXResourcesBuildPhase;
			buildActionMask = 2147483647;
			files = (
			);
			runOnlyForDeploymentPostprocessing = 0;
		};
/* End PBXResourcesBuildPhase section */

/* Begin PBXSourcesBuildPhase section */
		01AB15E41FB146F8007C2356 /* Sources */ = {
			isa = PBXSourcesBuildPhase;
			buildActionMask = 2147483647;
			files = (
				01AB15EE1FB146F8007C2356 /* ViewController.swift in Sources */,
				01AB15EC1FB146F8007C2356 /* AppDelegate.swift in Sources */,
			);
			runOnlyForDeploymentPostprocessing = 0;
		};
		01AB15F81FB146F8007C2356 /* Sources */ = {
			isa = PBXSourcesBuildPhase;
			buildActionMask = 2147483647;
			files = (
				01AB16011FB146F8007C2356 /* TipCalculatorTests.swift in Sources */,
			);
			runOnlyForDeploymentPostprocessing = 0;
		};
		01AB16031FB146F8007C2356 /* Sources */ = {
			isa = PBXSourcesBuildPhase;
			buildActionMask = 2147483647;
			files = (
				01AB160C1FB146F8007C2356 /* TipCalculatorUITests.swift in Sources */,
			);
			runOnlyForDeploymentPostprocessing = 0;
		};
/* End PBXSourcesBuildPhase section */

/* Begin PBXTargetDependency section */
		01AB15FE1FB146F8007C2356 /* PBXTargetDependency */ = {
			isa = PBXTargetDependency;
			target = 01AB15E71FB146F8007C2356 /* TipCalculator */;
			targetProxy = 01AB15FD1FB146F8007C2356 /* PBXContainerItemProxy */;
		};
		01AB16091FB146F8007C2356 /* PBXTargetDependency */ = {
			isa = PBXTargetDependency;
			target = 01AB15E71FB146F8007C2356 /* TipCalculator */;
			targetProxy = 01AB16081FB146F8007C2356 /* PBXContainerItemProxy */;
		};
/* End PBXTargetDependency section */

/* Begin PBXVariantGroup section */
		01AB15EF1FB146F8007C2356 /* Main.storyboard */ = {
			isa = PBXVariantGroup;
			children = (
				01AB15F01FB146F8007C2356 /* Base */,
			);
			name = Main.storyboard;
			sourceTree = "<group>";
		};
		01AB15F41FB146F8007C2356 /* LaunchScreen.storyboard */ = {
			isa = PBXVariantGroup;
			children = (
				01AB15F51FB146F8007C2356 /* Base */,
			);
			name = LaunchScreen.storyboard;
			sourceTree = "<group>";
		};
/* End PBXVariantGroup section */

/* Begin XCBuildConfiguration section */
		01AB160E1FB146F8007C2356 /* Debug */ = {
			isa = XCBuildConfiguration;
			buildSettings = {
				ALWAYS_SEARCH_USER_PATHS = NO;
				CLANG_ANALYZER_NONNULL = YES;
				CLANG_ANALYZER_NUMBER_OBJECT_CONVERSION = YES_AGGRESSIVE;
				CLANG_CXX_LANGUAGE_STANDARD = "gnu++14";
				CLANG_CXX_LIBRARY = "libc++";
				CLANG_ENABLE_MODULES = YES;
				CLANG_ENABLE_OBJC_ARC = YES;
				CLANG_WARN_BLOCK_CAPTURE_AUTORELEASING = YES;
				CLANG_WARN_BOOL_CONVERSION = YES;
				CLANG_WARN_COMMA = YES;
				CLANG_WARN_CONSTANT_CONVERSION = YES;
				CLANG_WARN_DIRECT_OBJC_ISA_USAGE = YES_ERROR;
				CLANG_WARN_DOCUMENTATION_COMMENTS = YES;
				CLANG_WARN_EMPTY_BODY = YES;
				CLANG_WARN_ENUM_CONVERSION = YES;
				CLANG_WARN_INFINITE_RECURSION = YES;
				CLANG_WARN_INT_CONVERSION = YES;
				CLANG_WARN_NON_LITERAL_NULL_CONVERSION = YES;
				CLANG_WARN_OBJC_LITERAL_CONVERSION = YES;
				CLANG_WARN_OBJC_ROOT_CLASS = YES_ERROR;
				CLANG_WARN_RANGE_LOOP_ANALYSIS = YES;
				CLANG_WARN_STRICT_PROTOTYPES = YES;
				CLANG_WARN_SUSPICIOUS_MOVE = YES;
				CLANG_WARN_UNGUARDED_AVAILABILITY = YES_AGGRESSIVE;
				CLANG_WARN_UNREACHABLE_CODE = YES;
				CLANG_WARN__DUPLICATE_METHOD_MATCH = YES;
				CODE_SIGN_IDENTITY = "iPhone Developer";
				COPY_PHASE_STRIP = NO;
				DEBUG_INFORMATION_FORMAT = dwarf;
				ENABLE_STRICT_OBJC_MSGSEND = YES;
				ENABLE_TESTABILITY = YES;
				GCC_C_LANGUAGE_STANDARD = gnu11;
				GCC_DYNAMIC_NO_PIC = NO;
				GCC_NO_COMMON_BLOCKS = YES;
				GCC_OPTIMIZATION_LEVEL = 0;
				GCC_PREPROCESSOR_DEFINITIONS = (
					"DEBUG=1",
					"$(inherited)",
				);
				GCC_WARN_64_TO_32_BIT_CONVERSION = YES;
				GCC_WARN_ABOUT_RETURN_TYPE = YES_ERROR;
				GCC_WARN_UNDECLARED_SELECTOR = YES;
				GCC_WARN_UNINITIALIZED_AUTOS = YES_AGGRESSIVE;
				GCC_WARN_UNUSED_FUNCTION = YES;
				GCC_WARN_UNUSED_VARIABLE = YES;
				IPHONEOS_DEPLOYMENT_TARGET = 11.0;
				MTL_ENABLE_DEBUG_INFO = YES;
				ONLY_ACTIVE_ARCH = YES;
				SDKROOT = iphoneos;
				SWIFT_ACTIVE_COMPILATION_CONDITIONS = DEBUG;
				SWIFT_OPTIMIZATION_LEVEL = "-Onone";
			};
			name = Debug;
		};
		01AB160F1FB146F8007C2356 /* Release */ = {
			isa = XCBuildConfiguration;
			buildSettings = {
				ALWAYS_SEARCH_USER_PATHS = NO;
				CLANG_ANALYZER_NONNULL = YES;
				CLANG_ANALYZER_NUMBER_OBJECT_CONVERSION = YES_AGGRESSIVE;
				CLANG_CXX_LANGUAGE_STANDARD = "gnu++14";
				CLANG_CXX_LIBRARY = "libc++";
				CLANG_ENABLE_MODULES = YES;
				CLANG_ENABLE_OBJC_ARC = YES;
				CLANG_WARN_BLOCK_CAPTURE_AUTORELEASING = YES;
				CLANG_WARN_BOOL_CONVERSION = YES;
				CLANG_WARN_COMMA = YES;
				CLANG_WARN_CONSTANT_CONVERSION = YES;
				CLANG_WARN_DIRECT_OBJC_ISA_USAGE = YES_ERROR;
				CLANG_WARN_DOCUMENTATION_COMMENTS = YES;
				CLANG_WARN_EMPTY_BODY = YES;
				CLANG_WARN_ENUM_CONVERSION = YES;
				CLANG_WARN_INFINITE_RECURSION = YES;
				CLANG_WARN_INT_CONVERSION = YES;
				CLANG_WARN_NON_LITERAL_NULL_CONVERSION = YES;
				CLANG_WARN_OBJC_LITERAL_CONVERSION = YES;
				CLANG_WARN_OBJC_ROOT_CLASS = YES_ERROR;
				CLANG_WARN_RANGE_LOOP_ANALYSIS = YES;
				CLANG_WARN_STRICT_PROTOTYPES = YES;
				CLANG_WARN_SUSPICIOUS_MOVE = YES;
				CLANG_WARN_UNGUARDED_AVAILABILITY = YES_AGGRESSIVE;
				CLANG_WARN_UNREACHABLE_CODE = YES;
				CLANG_WARN__DUPLICATE_METHOD_MATCH = YES;
				CODE_SIGN_IDENTITY = "iPhone Developer";
				COPY_PHASE_STRIP = NO;
				DEBUG_INFORMATION_FORMAT = "dwarf-with-dsym";
				ENABLE_NS_ASSERTIONS = NO;
				ENABLE_STRICT_OBJC_MSGSEND = YES;
				GCC_C_LANGUAGE_STANDARD = gnu11;
				GCC_NO_COMMON_BLOCKS = YES;
				GCC_WARN_64_TO_32_BIT_CONVERSION = YES;
				GCC_WARN_ABOUT_RETURN_TYPE = YES_ERROR;
				GCC_WARN_UNDECLARED_SELECTOR = YES;
				GCC_WARN_UNINITIALIZED_AUTOS = YES_AGGRESSIVE;
				GCC_WARN_UNUSED_FUNCTION = YES;
				GCC_WARN_UNUSED_VARIABLE = YES;
				IPHONEOS_DEPLOYMENT_TARGET = 11.0;
				MTL_ENABLE_DEBUG_INFO = NO;
				SDKROOT = iphoneos;
				SWIFT_OPTIMIZATION_LEVEL = "-Owholemodule";
				VALIDATE_PRODUCT = YES;
			};
			name = Release;
		};
		01AB16111FB146F8007C2356 /* Debug */ = {
			isa = XCBuildConfiguration;
			buildSettings = {
				ASSETCATALOG_COMPILER_APPICON_NAME = AppIcon;
				CODE_SIGN_STYLE = Manual;
				DEVELOPMENT_TEAM = "";
				INFOPLIST_FILE = TipCalculator/Info.plist;
				LD_RUNPATH_SEARCH_PATHS = "$(inherited) @executable_path/Frameworks";
				PRODUCT_BUNDLE_IDENTIFIER = CodePath.TipCalculator;
				PRODUCT_NAME = "$(TARGET_NAME)";
				PROVISIONING_PROFILE_SPECIFIER = "";
				SWIFT_VERSION = 4.0;
				TARGETED_DEVICE_FAMILY = 1;
			};
			name = Debug;
		};
		01AB16121FB146F8007C2356 /* Release */ = {
			isa = XCBuildConfiguration;
			buildSettings = {
				ASSETCATALOG_COMPILER_APPICON_NAME = AppIcon;
				CODE_SIGN_STYLE = Manual;
				DEVELOPMENT_TEAM = "";
				INFOPLIST_FILE = TipCalculator/Info.plist;
				LD_RUNPATH_SEARCH_PATHS = "$(inherited) @executable_path/Frameworks";
				PRODUCT_BUNDLE_IDENTIFIER = CodePath.TipCalculator;
				PRODUCT_NAME = "$(TARGET_NAME)";
				PROVISIONING_PROFILE_SPECIFIER = "";
				SWIFT_VERSION = 4.0;
				TARGETED_DEVICE_FAMILY = 1;
			};
			name = Release;
		};
		01AB16141FB146F8007C2356 /* Debug */ = {
			isa = XCBuildConfiguration;
			buildSettings = {
				ALWAYS_EMBED_SWIFT_STANDARD_LIBRARIES = YES;
				BUNDLE_LOADER = "$(TEST_HOST)";
				CODE_SIGN_STYLE = Automatic;
				INFOPLIST_FILE = TipCalculatorTests/Info.plist;
				LD_RUNPATH_SEARCH_PATHS = "$(inherited) @executable_path/Frameworks @loader_path/Frameworks";
				PRODUCT_BUNDLE_IDENTIFIER = CodePath.TipCalculatorTests;
				PRODUCT_NAME = "$(TARGET_NAME)";
				SWIFT_VERSION = 4.0;
				TARGETED_DEVICE_FAMILY = "1,2";
				TEST_HOST = "$(BUILT_PRODUCTS_DIR)/TipCalculator.app/TipCalculator";
			};
			name = Debug;
		};
		01AB16151FB146F8007C2356 /* Release */ = {
			isa = XCBuildConfiguration;
			buildSettings = {
				ALWAYS_EMBED_SWIFT_STANDARD_LIBRARIES = YES;
				BUNDLE_LOADER = "$(TEST_HOST)";
				CODE_SIGN_STYLE = Automatic;
				INFOPLIST_FILE = TipCalculatorTests/Info.plist;
				LD_RUNPATH_SEARCH_PATHS = "$(inherited) @executable_path/Frameworks @loader_path/Frameworks";
				PRODUCT_BUNDLE_IDENTIFIER = CodePath.TipCalculatorTests;
				PRODUCT_NAME = "$(TARGET_NAME)";
				SWIFT_VERSION = 4.0;
				TARGETED_DEVICE_FAMILY = "1,2";
				TEST_HOST = "$(BUILT_PRODUCTS_DIR)/TipCalculator.app/TipCalculator";
			};
			name = Release;
		};
		01AB16171FB146F8007C2356 /* Debug */ = {
			isa = XCBuildConfiguration;
			buildSettings = {
				ALWAYS_EMBED_SWIFT_STANDARD_LIBRARIES = YES;
				CODE_SIGN_STYLE = Automatic;
				INFOPLIST_FILE = TipCalculatorUITests/Info.plist;
				LD_RUNPATH_SEARCH_PATHS = "$(inherited) @executable_path/Frameworks @loader_path/Frameworks";
				PRODUCT_BUNDLE_IDENTIFIER = CodePath.TipCalculatorUITests;
				PRODUCT_NAME = "$(TARGET_NAME)";
				SWIFT_VERSION = 4.0;
				TARGETED_DEVICE_FAMILY = "1,2";
				TEST_TARGET_NAME = TipCalculator;
			};
			name = Debug;
		};
		01AB16181FB146F8007C2356 /* Release */ = {
			isa = XCBuildConfiguration;
			buildSettings = {
				ALWAYS_EMBED_SWIFT_STANDARD_LIBRARIES = YES;
				CODE_SIGN_STYLE = Automatic;
				INFOPLIST_FILE = TipCalculatorUITests/Info.plist;
				LD_RUNPATH_SEARCH_PATHS = "$(inherited) @executable_path/Frameworks @loader_path/Frameworks";
				PRODUCT_BUNDLE_IDENTIFIER = CodePath.TipCalculatorUITests;
				PRODUCT_NAME = "$(TARGET_NAME)";
				SWIFT_VERSION = 4.0;
				TARGETED_DEVICE_FAMILY = "1,2";
				TEST_TARGET_NAME = TipCalculator;
			};
			name = Release;
		};
/* End XCBuildConfiguration section */

/* Begin XCConfigurationList section */
		01AB15E31FB146F8007C2356 /* Build configuration list for PBXProject "TipCalculator" */ = {
			isa = XCConfigurationList;
			buildConfigurations = (
				01AB160E1FB146F8007C2356 /* Debug */,
				01AB160F1FB146F8007C2356 /* Release */,
			);
			defaultConfigurationIsVisible = 0;
			defaultConfigurationName = Release;
		};
		01AB16101FB146F8007C2356 /* Build configuration list for PBXNativeTarget "TipCalculator" */ = {
			isa = XCConfigurationList;
			buildConfigurations = (
				01AB16111FB146F8007C2356 /* Debug */,
				01AB16121FB146F8007C2356 /* Release */,
			);
			defaultConfigurationIsVisible = 0;
			defaultConfigurationName = Release;
		};
		01AB16131FB146F8007C2356 /* Build configuration list for PBXNativeTarget "TipCalculatorTests" */ = {
			isa = XCConfigurationList;
			buildConfigurations = (
				01AB16141FB146F8007C2356 /* Debug */,
				01AB16151FB146F8007C2356 /* Release */,
			);
			defaultConfigurationIsVisible = 0;
			defaultConfigurationName = Release;
		};
		01AB16161FB146F8007C2356 /* Build configuration list for PBXNativeTarget "TipCalculatorUITests" */ = {
			isa = XCConfigurationList;
			buildConfigurations = (
				01AB16171FB146F8007C2356 /* Debug */,
				01AB16181FB146F8007C2356 /* Release */,
			);
			defaultConfigurationIsVisible = 0;
			defaultConfigurationName = Release;
		};
/* End XCConfigurationList section */
	};
	rootObject = 01AB15E01FB146F8007C2356 /* Project object */;
}
